// !$*UTF8*$!
{
	archiveVersion = 1;
	classes = {
	};
	objectVersion = 56;
	objects = {

/* Begin PBXBuildFile section */
		0CDEAF5D2BD4211100C9C36A /* AppDelegate.swift in Sources */ = {isa = PBXBuildFile; fileRef = 0CDEAF5C2BD4211100C9C36A /* AppDelegate.swift */; };
		0CDEAF5F2BD4211100C9C36A /* SceneDelegate.swift in Sources */ = {isa = PBXBuildFile; fileRef = 0CDEAF5E2BD4211100C9C36A /* SceneDelegate.swift */; };
		0CDEAF612BD4211100C9C36A /* ViewController.swift in Sources */ = {isa = PBXBuildFile; fileRef = 0CDEAF602BD4211100C9C36A /* ViewController.swift */; };
		0CDEAF642BD4211100C9C36A /* Base in Resources */ = {isa = PBXBuildFile; fileRef = 0CDEAF632BD4211100C9C36A /* Base */; };
		0CDEAF662BD4211200C9C36A /* Assets.xcassets in Resources */ = {isa = PBXBuildFile; fileRef = 0CDEAF652BD4211200C9C36A /* Assets.xcassets */; };
		0CDEAF692BD4211200C9C36A /* Base in Resources */ = {isa = PBXBuildFile; fileRef = 0CDEAF682BD4211200C9C36A /* Base */; };
		0CDEAF742BD4211200C9C36A /* iosActionsExampleTests.swift in Sources */ = {isa = PBXBuildFile; fileRef = 0CDEAF732BD4211200C9C36A /* iosActionsExampleTests.swift */; };
		0CDEAF7E2BD4211200C9C36A /* iosActionsExampleUITests.swift in Sources */ = {isa = PBXBuildFile; fileRef = 0CDEAF7D2BD4211200C9C36A /* iosActionsExampleUITests.swift */; };
		0CDEAF802BD4211200C9C36A /* iosActionsExampleUITestsLaunchTests.swift in Sources */ = {isa = PBXBuildFile; fileRef = 0CDEAF7F2BD4211200C9C36A /* iosActionsExampleUITestsLaunchTests.swift */; };
/* End PBXBuildFile section */

/* Begin PBXContainerItemProxy section */
		0CDEAF702BD4211200C9C36A /* PBXContainerItemProxy */ = {
			isa = PBXContainerItemProxy;
			containerPortal = 0CDEAF512BD4211100C9C36A /* Project object */;
			proxyType = 1;
			remoteGlobalIDString = 0CDEAF582BD4211100C9C36A;
			remoteInfo = iosActionsExample;
		};
		0CDEAF7A2BD4211200C9C36A /* PBXContainerItemProxy */ = {
			isa = PBXContainerItemProxy;
			containerPortal = 0CDEAF512BD4211100C9C36A /* Project object */;
			proxyType = 1;
			remoteGlobalIDString = 0CDEAF582BD4211100C9C36A;
			remoteInfo = iosActionsExample;
		};
/* End PBXContainerItemProxy section */

/* Begin PBXFileReference section */
		0CDEAF592BD4211100C9C36A /* iosActionsExample.app */ = {isa = PBXFileReference; explicitFileType = wrapper.application; includeInIndex = 0; path = iosActionsExample.app; sourceTree = BUILT_PRODUCTS_DIR; };
		0CDEAF5C2BD4211100C9C36A /* AppDelegate.swift */ = {isa = PBXFileReference; lastKnownFileType = sourcecode.swift; path = AppDelegate.swift; sourceTree = "<group>"; };
		0CDEAF5E2BD4211100C9C36A /* SceneDelegate.swift */ = {isa = PBXFileReference; lastKnownFileType = sourcecode.swift; path = SceneDelegate.swift; sourceTree = "<group>"; };
		0CDEAF602BD4211100C9C36A /* ViewController.swift */ = {isa = PBXFileReference; lastKnownFileType = sourcecode.swift; path = ViewController.swift; sourceTree = "<group>"; };
		0CDEAF632BD4211100C9C36A /* Base */ = {isa = PBXFileReference; lastKnownFileType = file.storyboard; name = Base; path = Base.lproj/Main.storyboard; sourceTree = "<group>"; };
		0CDEAF652BD4211200C9C36A /* Assets.xcassets */ = {isa = PBXFileReference; lastKnownFileType = folder.assetcatalog; path = Assets.xcassets; sourceTree = "<group>"; };
		0CDEAF682BD4211200C9C36A /* Base */ = {isa = PBXFileReference; lastKnownFileType = file.storyboard; name = Base; path = Base.lproj/LaunchScreen.storyboard; sourceTree = "<group>"; };
		0CDEAF6A2BD4211200C9C36A /* Info.plist */ = {isa = PBXFileReference; lastKnownFileType = text.plist.xml; path = Info.plist; sourceTree = "<group>"; };
		0CDEAF6F2BD4211200C9C36A /* iosActionsExampleTests.xctest */ = {isa = PBXFileReference; explicitFileType = wrapper.cfbundle; includeInIndex = 0; path = iosActionsExampleTests.xctest; sourceTree = BUILT_PRODUCTS_DIR; };
		0CDEAF732BD4211200C9C36A /* iosActionsExampleTests.swift */ = {isa = PBXFileReference; lastKnownFileType = sourcecode.swift; path = iosActionsExampleTests.swift; sourceTree = "<group>"; };
		0CDEAF792BD4211200C9C36A /* iosActionsExampleUITests.xctest */ = {isa = PBXFileReference; explicitFileType = wrapper.cfbundle; includeInIndex = 0; path = iosActionsExampleUITests.xctest; sourceTree = BUILT_PRODUCTS_DIR; };
		0CDEAF7D2BD4211200C9C36A /* iosActionsExampleUITests.swift */ = {isa = PBXFileReference; lastKnownFileType = sourcecode.swift; path = iosActionsExampleUITests.swift; sourceTree = "<group>"; };
		0CDEAF7F2BD4211200C9C36A /* iosActionsExampleUITestsLaunchTests.swift */ = {isa = PBXFileReference; lastKnownFileType = sourcecode.swift; path = iosActionsExampleUITestsLaunchTests.swift; sourceTree = "<group>"; };
/* End PBXFileReference section */

/* Begin PBXFrameworksBuildPhase section */
		0CDEAF562BD4211100C9C36A /* Frameworks */ = {
			isa = PBXFrameworksBuildPhase;
			buildActionMask = 2147483647;
			files = (
			);
			runOnlyForDeploymentPostprocessing = 0;
		};
		0CDEAF6C2BD4211200C9C36A /* Frameworks */ = {
			isa = PBXFrameworksBuildPhase;
			buildActionMask = 2147483647;
			files = (
			);
			runOnlyForDeploymentPostprocessing = 0;
		};
		0CDEAF762BD4211200C9C36A /* Frameworks */ = {
			isa = PBXFrameworksBuildPhase;
			buildActionMask = 2147483647;
			files = (
			);
			runOnlyForDeploymentPostprocessing = 0;
		};
/* End PBXFrameworksBuildPhase section */

/* Begin PBXGroup section */
		0CDEAF502BD4211100C9C36A = {
			isa = PBXGroup;
			children = (
				0CDEAF5B2BD4211100C9C36A /* iosActionsExample */,
				0CDEAF722BD4211200C9C36A /* iosActionsExampleTests */,
				0CDEAF7C2BD4211200C9C36A /* iosActionsExampleUITests */,
				0CDEAF5A2BD4211100C9C36A /* Products */,
			);
			sourceTree = "<group>";
		};
		0CDEAF5A2BD4211100C9C36A /* Products */ = {
			isa = PBXGroup;
			children = (
				0CDEAF592BD4211100C9C36A /* iosActionsExample.app */,
				0CDEAF6F2BD4211200C9C36A /* iosActionsExampleTests.xctest */,
				0CDEAF792BD4211200C9C36A /* iosActionsExampleUITests.xctest */,
			);
			name = Products;
			sourceTree = "<group>";
		};
		0CDEAF5B2BD4211100C9C36A /* iosActionsExample */ = {
			isa = PBXGroup;
			children = (
				0CDEAF5C2BD4211100C9C36A /* AppDelegate.swift */,
				0CDEAF5E2BD4211100C9C36A /* SceneDelegate.swift */,
				0CDEAF602BD4211100C9C36A /* ViewController.swift */,
				0CDEAF622BD4211100C9C36A /* Main.storyboard */,
				0CDEAF652BD4211200C9C36A /* Assets.xcassets */,
				0CDEAF672BD4211200C9C36A /* LaunchScreen.storyboard */,
				0CDEAF6A2BD4211200C9C36A /* Info.plist */,
			);
			path = iosActionsExample;
			sourceTree = "<group>";
		};
		0CDEAF722BD4211200C9C36A /* iosActionsExampleTests */ = {
			isa = PBXGroup;
			children = (
				0CDEAF732BD4211200C9C36A /* iosActionsExampleTests.swift */,
			);
			path = iosActionsExampleTests;
			sourceTree = "<group>";
		};
		0CDEAF7C2BD4211200C9C36A /* iosActionsExampleUITests */ = {
			isa = PBXGroup;
			children = (
				0CDEAF7D2BD4211200C9C36A /* iosActionsExampleUITests.swift */,
				0CDEAF7F2BD4211200C9C36A /* iosActionsExampleUITestsLaunchTests.swift */,
			);
			path = iosActionsExampleUITests;
			sourceTree = "<group>";
		};
/* End PBXGroup section */

/* Begin PBXNativeTarget section */
		0CDEAF582BD4211100C9C36A /* iosActionsExample */ = {
			isa = PBXNativeTarget;
			buildConfigurationList = 0CDEAF832BD4211200C9C36A /* Build configuration list for PBXNativeTarget "iosActionsExample" */;
			buildPhases = (
				0CDEAF552BD4211100C9C36A /* Sources */,
				0CDEAF562BD4211100C9C36A /* Frameworks */,
				0CDEAF572BD4211100C9C36A /* Resources */,
			);
			buildRules = (
			);
			dependencies = (
			);
			name = iosActionsExample;
			productName = iosActionsExample;
			productReference = 0CDEAF592BD4211100C9C36A /* iosActionsExample.app */;
			productType = "com.apple.product-type.application";
		};
		0CDEAF6E2BD4211200C9C36A /* iosActionsExampleTests */ = {
			isa = PBXNativeTarget;
			buildConfigurationList = 0CDEAF862BD4211200C9C36A /* Build configuration list for PBXNativeTarget "iosActionsExampleTests" */;
			buildPhases = (
				0CDEAF6B2BD4211200C9C36A /* Sources */,
				0CDEAF6C2BD4211200C9C36A /* Frameworks */,
				0CDEAF6D2BD4211200C9C36A /* Resources */,
			);
			buildRules = (
			);
			dependencies = (
				0CDEAF712BD4211200C9C36A /* PBXTargetDependency */,
			);
			name = iosActionsExampleTests;
			productName = iosActionsExampleTests;
			productReference = 0CDEAF6F2BD4211200C9C36A /* iosActionsExampleTests.xctest */;
			productType = "com.apple.product-type.bundle.unit-test";
		};
		0CDEAF782BD4211200C9C36A /* iosActionsExampleUITests */ = {
			isa = PBXNativeTarget;
			buildConfigurationList = 0CDEAF892BD4211200C9C36A /* Build configuration list for PBXNativeTarget "iosActionsExampleUITests" */;
			buildPhases = (
				0CDEAF752BD4211200C9C36A /* Sources */,
				0CDEAF762BD4211200C9C36A /* Frameworks */,
				0CDEAF772BD4211200C9C36A /* Resources */,
			);
			buildRules = (
			);
			dependencies = (
				0CDEAF7B2BD4211200C9C36A /* PBXTargetDependency */,
			);
			name = iosActionsExampleUITests;
			productName = iosActionsExampleUITests;
			productReference = 0CDEAF792BD4211200C9C36A /* iosActionsExampleUITests.xctest */;
			productType = "com.apple.product-type.bundle.ui-testing";
		};
/* End PBXNativeTarget section */

/* Begin PBXProject section */
		0CDEAF512BD4211100C9C36A /* Project object */ = {
			isa = PBXProject;
			attributes = {
				BuildIndependentTargetsInParallel = 1;
				LastSwiftUpdateCheck = 1530;
				LastUpgradeCheck = 1530;
				TargetAttributes = {
					0CDEAF582BD4211100C9C36A = {
						CreatedOnToolsVersion = 15.3;
					};
					0CDEAF6E2BD4211200C9C36A = {
						CreatedOnToolsVersion = 15.3;
						TestTargetID = 0CDEAF582BD4211100C9C36A;
					};
					0CDEAF782BD4211200C9C36A = {
						CreatedOnToolsVersion = 15.3;
						TestTargetID = 0CDEAF582BD4211100C9C36A;
					};
				};
			};
			buildConfigurationList = 0CDEAF542BD4211100C9C36A /* Build configuration list for PBXProject "iosActionsExample" */;
			compatibilityVersion = "Xcode 14.0";
			developmentRegion = en;
			hasScannedForEncodings = 0;
			knownRegions = (
				en,
				Base,
			);
			mainGroup = 0CDEAF502BD4211100C9C36A;
			productRefGroup = 0CDEAF5A2BD4211100C9C36A /* Products */;
			projectDirPath = "";
			projectRoot = "";
			targets = (
				0CDEAF582BD4211100C9C36A /* iosActionsExample */,
				0CDEAF6E2BD4211200C9C36A /* iosActionsExampleTests */,
				0CDEAF782BD4211200C9C36A /* iosActionsExampleUITests */,
			);
		};
/* End PBXProject section */

/* Begin PBXResourcesBuildPhase section */
		0CDEAF572BD4211100C9C36A /* Resources */ = {
			isa = PBXResourcesBuildPhase;
			buildActionMask = 2147483647;
			files = (
				0CDEAF662BD4211200C9C36A /* Assets.xcassets in Resources */,
				0CDEAF692BD4211200C9C36A /* Base in Resources */,
				0CDEAF642BD4211100C9C36A /* Base in Resources */,
			);
			runOnlyForDeploymentPostprocessing = 0;
		};
		0CDEAF6D2BD4211200C9C36A /* Resources */ = {
			isa = PBXResourcesBuildPhase;
			buildActionMask = 2147483647;
			files = (
			);
			runOnlyForDeploymentPostprocessing = 0;
		};
		0CDEAF772BD4211200C9C36A /* Resources */ = {
			isa = PBXResourcesBuildPhase;
			buildActionMask = 2147483647;
			files = (
			);
			runOnlyForDeploymentPostprocessing = 0;
		};
/* End PBXResourcesBuildPhase section */

/* Begin PBXSourcesBuildPhase section */
		0CDEAF552BD4211100C9C36A /* Sources */ = {
			isa = PBXSourcesBuildPhase;
			buildActionMask = 2147483647;
			files = (
				0CDEAF612BD4211100C9C36A /* ViewController.swift in Sources */,
				0CDEAF5D2BD4211100C9C36A /* AppDelegate.swift in Sources */,
				0CDEAF5F2BD4211100C9C36A /* SceneDelegate.swift in Sources */,
			);
			runOnlyForDeploymentPostprocessing = 0;
		};
		0CDEAF6B2BD4211200C9C36A /* Sources */ = {
			isa = PBXSourcesBuildPhase;
			buildActionMask = 2147483647;
			files = (
				0CDEAF742BD4211200C9C36A /* iosActionsExampleTests.swift in Sources */,
			);
			runOnlyForDeploymentPostprocessing = 0;
		};
		0CDEAF752BD4211200C9C36A /* Sources */ = {
			isa = PBXSourcesBuildPhase;
			buildActionMask = 2147483647;
			files = (
				0CDEAF7E2BD4211200C9C36A /* iosActionsExampleUITests.swift in Sources */,
				0CDEAF802BD4211200C9C36A /* iosActionsExampleUITestsLaunchTests.swift in Sources */,
			);
			runOnlyForDeploymentPostprocessing = 0;
		};
/* End PBXSourcesBuildPhase section */

/* Begin PBXTargetDependency section */
		0CDEAF712BD4211200C9C36A /* PBXTargetDependency */ = {
			isa = PBXTargetDependency;
			target = 0CDEAF582BD4211100C9C36A /* iosActionsExample */;
			targetProxy = 0CDEAF702BD4211200C9C36A /* PBXContainerItemProxy */;
		};
		0CDEAF7B2BD4211200C9C36A /* PBXTargetDependency */ = {
			isa = PBXTargetDependency;
			target = 0CDEAF582BD4211100C9C36A /* iosActionsExample */;
			targetProxy = 0CDEAF7A2BD4211200C9C36A /* PBXContainerItemProxy */;
		};
/* End PBXTargetDependency section */

/* Begin PBXVariantGroup section */
		0CDEAF622BD4211100C9C36A /* Main.storyboard */ = {
			isa = PBXVariantGroup;
			children = (
				0CDEAF632BD4211100C9C36A /* Base */,
			);
			name = Main.storyboard;
			sourceTree = "<group>";
		};
		0CDEAF672BD4211200C9C36A /* LaunchScreen.storyboard */ = {
			isa = PBXVariantGroup;
			children = (
				0CDEAF682BD4211200C9C36A /* Base */,
			);
			name = LaunchScreen.storyboard;
			sourceTree = "<group>";
		};
/* End PBXVariantGroup section */

/* Begin XCBuildConfiguration section */
		0CDEAF812BD4211200C9C36A /* Debug */ = {
			isa = XCBuildConfiguration;
			buildSettings = {
				ALWAYS_SEARCH_USER_PATHS = NO;
				ASSETCATALOG_COMPILER_GENERATE_SWIFT_ASSET_SYMBOL_EXTENSIONS = YES;
				CLANG_ANALYZER_NONNULL = YES;
				CLANG_ANALYZER_NUMBER_OBJECT_CONVERSION = YES_AGGRESSIVE;
				CLANG_CXX_LANGUAGE_STANDARD = "gnu++20";
				CLANG_ENABLE_MODULES = YES;
				CLANG_ENABLE_OBJC_ARC = YES;
				CLANG_ENABLE_OBJC_WEAK = YES;
				CLANG_WARN_BLOCK_CAPTURE_AUTORELEASING = YES;
				CLANG_WARN_BOOL_CONVERSION = YES;
				CLANG_WARN_COMMA = YES;
				CLANG_WARN_CONSTANT_CONVERSION = YES;
				CLANG_WARN_DEPRECATED_OBJC_IMPLEMENTATIONS = YES;
				CLANG_WARN_DIRECT_OBJC_ISA_USAGE = YES_ERROR;
				CLANG_WARN_DOCUMENTATION_COMMENTS = YES;
				CLANG_WARN_EMPTY_BODY = YES;
				CLANG_WARN_ENUM_CONVERSION = YES;
				CLANG_WARN_INFINITE_RECURSION = YES;
				CLANG_WARN_INT_CONVERSION = YES;
				CLANG_WARN_NON_LITERAL_NULL_CONVERSION = YES;
				CLANG_WARN_OBJC_IMPLICIT_RETAIN_SELF = YES;
				CLANG_WARN_OBJC_LITERAL_CONVERSION = YES;
				CLANG_WARN_OBJC_ROOT_CLASS = YES_ERROR;
				CLANG_WARN_QUOTED_INCLUDE_IN_FRAMEWORK_HEADER = YES;
				CLANG_WARN_RANGE_LOOP_ANALYSIS = YES;
				CLANG_WARN_STRICT_PROTOTYPES = YES;
				CLANG_WARN_SUSPICIOUS_MOVE = YES;
				CLANG_WARN_UNGUARDED_AVAILABILITY = YES_AGGRESSIVE;
				CLANG_WARN_UNREACHABLE_CODE = YES;
				CLANG_WARN__DUPLICATE_METHOD_MATCH = YES;
				COPY_PHASE_STRIP = NO;
				DEBUG_INFORMATION_FORMAT = dwarf;
				ENABLE_STRICT_OBJC_MSGSEND = YES;
				ENABLE_TESTABILITY = YES;
				ENABLE_USER_SCRIPT_SANDBOXING = YES;
				GCC_C_LANGUAGE_STANDARD = gnu17;
				GCC_DYNAMIC_NO_PIC = NO;
				GCC_NO_COMMON_BLOCKS = YES;
				GCC_OPTIMIZATION_LEVEL = 0;
				GCC_PREPROCESSOR_DEFINITIONS = (
					"DEBUG=1",
					"$(inherited)",
				);
				GCC_WARN_64_TO_32_BIT_CONVERSION = YES;
				GCC_WARN_ABOUT_RETURN_TYPE = YES_ERROR;
				GCC_WARN_UNDECLARED_SELECTOR = YES;
				GCC_WARN_UNINITIALIZED_AUTOS = YES_AGGRESSIVE;
				GCC_WARN_UNUSED_FUNCTION = YES;
				GCC_WARN_UNUSED_VARIABLE = YES;
				IPHONEOS_DEPLOYMENT_TARGET = 17.4;
				LOCALIZATION_PREFERS_STRING_CATALOGS = YES;
				MTL_ENABLE_DEBUG_INFO = INCLUDE_SOURCE;
				MTL_FAST_MATH = YES;
				ONLY_ACTIVE_ARCH = YES;
				SDKROOT = iphoneos;
				SWIFT_ACTIVE_COMPILATION_CONDITIONS = "DEBUG $(inherited)";
				SWIFT_OPTIMIZATION_LEVEL = "-Onone";
			};
			name = Debug;
		};
		0CDEAF822BD4211200C9C36A /* Release */ = {
			isa = XCBuildConfiguration;
			buildSettings = {
				ALWAYS_SEARCH_USER_PATHS = NO;
				ASSETCATALOG_COMPILER_GENERATE_SWIFT_ASSET_SYMBOL_EXTENSIONS = YES;
				CLANG_ANALYZER_NONNULL = YES;
				CLANG_ANALYZER_NUMBER_OBJECT_CONVERSION = YES_AGGRESSIVE;
				CLANG_CXX_LANGUAGE_STANDARD = "gnu++20";
				CLANG_ENABLE_MODULES = YES;
				CLANG_ENABLE_OBJC_ARC = YES;
				CLANG_ENABLE_OBJC_WEAK = YES;
				CLANG_WARN_BLOCK_CAPTURE_AUTORELEASING = YES;
				CLANG_WARN_BOOL_CONVERSION = YES;
				CLANG_WARN_COMMA = YES;
				CLANG_WARN_CONSTANT_CONVERSION = YES;
				CLANG_WARN_DEPRECATED_OBJC_IMPLEMENTATIONS = YES;
				CLANG_WARN_DIRECT_OBJC_ISA_USAGE = YES_ERROR;
				CLANG_WARN_DOCUMENTATION_COMMENTS = YES;
				CLANG_WARN_EMPTY_BODY = YES;
				CLANG_WARN_ENUM_CONVERSION = YES;
				CLANG_WARN_INFINITE_RECURSION = YES;
				CLANG_WARN_INT_CONVERSION = YES;
				CLANG_WARN_NON_LITERAL_NULL_CONVERSION = YES;
				CLANG_WARN_OBJC_IMPLICIT_RETAIN_SELF = YES;
				CLANG_WARN_OBJC_LITERAL_CONVERSION = YES;
				CLANG_WARN_OBJC_ROOT_CLASS = YES_ERROR;
				CLANG_WARN_QUOTED_INCLUDE_IN_FRAMEWORK_HEADER = YES;
				CLANG_WARN_RANGE_LOOP_ANALYSIS = YES;
				CLANG_WARN_STRICT_PROTOTYPES = YES;
				CLANG_WARN_SUSPICIOUS_MOVE = YES;
				CLANG_WARN_UNGUARDED_AVAILABILITY = YES_AGGRESSIVE;
				CLANG_WARN_UNREACHABLE_CODE = YES;
				CLANG_WARN__DUPLICATE_METHOD_MATCH = YES;
				COPY_PHASE_STRIP = NO;
				DEBUG_INFORMATION_FORMAT = "dwarf-with-dsym";
				ENABLE_NS_ASSERTIONS = NO;
				ENABLE_STRICT_OBJC_MSGSEND = YES;
				ENABLE_USER_SCRIPT_SANDBOXING = YES;
				GCC_C_LANGUAGE_STANDARD = gnu17;
				GCC_NO_COMMON_BLOCKS = YES;
				GCC_WARN_64_TO_32_BIT_CONVERSION = YES;
				GCC_WARN_ABOUT_RETURN_TYPE = YES_ERROR;
				GCC_WARN_UNDECLARED_SELECTOR = YES;
				GCC_WARN_UNINITIALIZED_AUTOS = YES_AGGRESSIVE;
				GCC_WARN_UNUSED_FUNCTION = YES;
				GCC_WARN_UNUSED_VARIABLE = YES;
				IPHONEOS_DEPLOYMENT_TARGET = 17.4;
				LOCALIZATION_PREFERS_STRING_CATALOGS = YES;
				MTL_ENABLE_DEBUG_INFO = NO;
				MTL_FAST_MATH = YES;
				SDKROOT = iphoneos;
				SWIFT_COMPILATION_MODE = wholemodule;
				VALIDATE_PRODUCT = YES;
			};
			name = Release;
		};
		0CDEAF842BD4211200C9C36A /* Debug */ = {
			isa = XCBuildConfiguration;
			buildSettings = {
				ASSETCATALOG_COMPILER_APPICON_NAME = AppIcon;
				ASSETCATALOG_COMPILER_GLOBAL_ACCENT_COLOR_NAME = AccentColor;
				CODE_SIGN_STYLE = Automatic;
				CURRENT_PROJECT_VERSION = 1;
				GENERATE_INFOPLIST_FILE = YES;
				INFOPLIST_FILE = iosActionsExample/Info.plist;
				INFOPLIST_KEY_UIApplicationSupportsIndirectInputEvents = YES;
				INFOPLIST_KEY_UILaunchStoryboardName = LaunchScreen;
				INFOPLIST_KEY_UIMainStoryboardFile = Main;
				INFOPLIST_KEY_UISupportedInterfaceOrientations_iPad = "UIInterfaceOrientationPortrait UIInterfaceOrientationPortraitUpsideDown UIInterfaceOrientationLandscapeLeft UIInterfaceOrientationLandscapeRight";
				INFOPLIST_KEY_UISupportedInterfaceOrientations_iPhone = "UIInterfaceOrientationPortrait UIInterfaceOrientationLandscapeLeft UIInterfaceOrientationLandscapeRight";
				LD_RUNPATH_SEARCH_PATHS = (
					"$(inherited)",
					"@executable_path/Frameworks",
				);
				MARKETING_VERSION = 1.0;
				PRODUCT_BUNDLE_IDENTIFIER = com.mmazin.iosActionsExample;
				PRODUCT_NAME = "$(TARGET_NAME)";
				SWIFT_EMIT_LOC_STRINGS = YES;
				SWIFT_VERSION = 5.0;
				TARGETED_DEVICE_FAMILY = "1,2";
			};
			name = Debug;
		};
		0CDEAF852BD4211200C9C36A /* Release */ = {
			isa = XCBuildConfiguration;
			buildSettings = {
				ASSETCATALOG_COMPILER_APPICON_NAME = AppIcon;
				ASSETCATALOG_COMPILER_GLOBAL_ACCENT_COLOR_NAME = AccentColor;
				CODE_SIGN_STYLE = Automatic;
				CURRENT_PROJECT_VERSION = 1;
				GENERATE_INFOPLIST_FILE = YES;
				INFOPLIST_FILE = iosActionsExample/Info.plist;
				INFOPLIST_KEY_UIApplicationSupportsIndirectInputEvents = YES;
				INFOPLIST_KEY_UILaunchStoryboardName = LaunchScreen;
				INFOPLIST_KEY_UIMainStoryboardFile = Main;
				INFOPLIST_KEY_UISupportedInterfaceOrientations_iPad = "UIInterfaceOrientationPortrait UIInterfaceOrientationPortraitUpsideDown UIInterfaceOrientationLandscapeLeft UIInterfaceOrientationLandscapeRight";
				INFOPLIST_KEY_UISupportedInterfaceOrientations_iPhone = "UIInterfaceOrientationPortrait UIInterfaceOrientationLandscapeLeft UIInterfaceOrientationLandscapeRight";
				LD_RUNPATH_SEARCH_PATHS = (
					"$(inherited)",
					"@executable_path/Frameworks",
				);
				MARKETING_VERSION = 1.0;
				PRODUCT_BUNDLE_IDENTIFIER = com.mmazin.iosActionsExample;
				PRODUCT_NAME = "$(TARGET_NAME)";
				SWIFT_EMIT_LOC_STRINGS = YES;
				SWIFT_VERSION = 5.0;
				TARGETED_DEVICE_FAMILY = "1,2";
			};
			name = Release;
		};
		0CDEAF872BD4211200C9C36A /* Debug */ = {
			isa = XCBuildConfiguration;
			buildSettings = {
				ALWAYS_EMBED_SWIFT_STANDARD_LIBRARIES = YES;
				BUNDLE_LOADER = "$(TEST_HOST)";
				CODE_SIGN_STYLE = Automatic;
				CURRENT_PROJECT_VERSION = 1;
				GENERATE_INFOPLIST_FILE = YES;
				IPHONEOS_DEPLOYMENT_TARGET = 17.4;
				MARKETING_VERSION = 1.0;
				PRODUCT_BUNDLE_IDENTIFIER = com.mmazin.iosActionsExampleTests;
				PRODUCT_NAME = "$(TARGET_NAME)";
				SWIFT_EMIT_LOC_STRINGS = NO;
				SWIFT_VERSION = 5.0;
				TARGETED_DEVICE_FAMILY = "1,2";
				TEST_HOST = "$(BUILT_PRODUCTS_DIR)/iosActionsExample.app/$(BUNDLE_EXECUTABLE_FOLDER_PATH)/iosActionsExample";
			};
			name = Debug;
		};
		0CDEAF882BD4211200C9C36A /* Release */ = {
			isa = XCBuildConfiguration;
			buildSettings = {
				ALWAYS_EMBED_SWIFT_STANDARD_LIBRARIES = YES;
				BUNDLE_LOADER = "$(TEST_HOST)";
				CODE_SIGN_STYLE = Automatic;
				CURRENT_PROJECT_VERSION = 1;
				GENERATE_INFOPLIST_FILE = YES;
				IPHONEOS_DEPLOYMENT_TARGET = 17.4;
				MARKETING_VERSION = 1.0;
				PRODUCT_BUNDLE_IDENTIFIER = com.mmazin.iosActionsExampleTests;
				PRODUCT_NAME = "$(TARGET_NAME)";
				SWIFT_EMIT_LOC_STRINGS = NO;
				SWIFT_VERSION = 5.0;
				TARGETED_DEVICE_FAMILY = "1,2";
				TEST_HOST = "$(BUILT_PRODUCTS_DIR)/iosActionsExample.app/$(BUNDLE_EXECUTABLE_FOLDER_PATH)/iosActionsExample";
			};
			name = Release;
		};
		0CDEAF8A2BD4211200C9C36A /* Debug */ = {
			isa = XCBuildConfiguration;
			buildSettings = {
				ALWAYS_EMBED_SWIFT_STANDARD_LIBRARIES = YES;
				CODE_SIGN_STYLE = Automatic;
				CURRENT_PROJECT_VERSION = 1;
				GENERATE_INFOPLIST_FILE = YES;
				MARKETING_VERSION = 1.0;
				PRODUCT_BUNDLE_IDENTIFIER = com.mmazin.iosActionsExampleUITests;
				PRODUCT_NAME = "$(TARGET_NAME)";
				SWIFT_EMIT_LOC_STRINGS = NO;
				SWIFT_VERSION = 5.0;
				TARGETED_DEVICE_FAMILY = "1,2";
				TEST_TARGET_NAME = iosActionsExample;
			};
			name = Debug;
		};
		0CDEAF8B2BD4211200C9C36A /* Release */ = {
			isa = XCBuildConfiguration;
			buildSettings = {
				ALWAYS_EMBED_SWIFT_STANDARD_LIBRARIES = YES;
				CODE_SIGN_STYLE = Automatic;
				CURRENT_PROJECT_VERSION = 1;
				GENERATE_INFOPLIST_FILE = YES;
				MARKETING_VERSION = 1.0;
				PRODUCT_BUNDLE_IDENTIFIER = com.mmazin.iosActionsExampleUITests;
				PRODUCT_NAME = "$(TARGET_NAME)";
				SWIFT_EMIT_LOC_STRINGS = NO;
				SWIFT_VERSION = 5.0;
				TARGETED_DEVICE_FAMILY = "1,2";
				TEST_TARGET_NAME = iosActionsExample;
			};
			name = Release;
		};
/* End XCBuildConfiguration section */

/* Begin XCConfigurationList section */
		0CDEAF542BD4211100C9C36A /* Build configuration list for PBXProject "iosActionsExample" */ = {
			isa = XCConfigurationList;
			buildConfigurations = (
				0CDEAF812BD4211200C9C36A /* Debug */,
				0CDEAF822BD4211200C9C36A /* Release */,
			);
			defaultConfigurationIsVisible = 0;
			defaultConfigurationName = Release;
		};
		0CDEAF832BD4211200C9C36A /* Build configuration list for PBXNativeTarget "iosActionsExample" */ = {
			isa = XCConfigurationList;
			buildConfigurations = (
				0CDEAF842BD4211200C9C36A /* Debug */,
				0CDEAF852BD4211200C9C36A /* Release */,
			);
			defaultConfigurationIsVisible = 0;
			defaultConfigurationName = Release;
		};
		0CDEAF862BD4211200C9C36A /* Build configuration list for PBXNativeTarget "iosActionsExampleTests" */ = {
			isa = XCConfigurationList;
			buildConfigurations = (
				0CDEAF872BD4211200C9C36A /* Debug */,
				0CDEAF882BD4211200C9C36A /* Release */,
			);
			defaultConfigurationIsVisible = 0;
			defaultConfigurationName = Release;
		};
		0CDEAF892BD4211200C9C36A /* Build configuration list for PBXNativeTarget "iosActionsExampleUITests" */ = {
			isa = XCConfigurationList;
			buildConfigurations = (
				0CDEAF8A2BD4211200C9C36A /* Debug */,
				0CDEAF8B2BD4211200C9C36A /* Release */,
			);
			defaultConfigurationIsVisible = 0;
			defaultConfigurationName = Release;
		};
/* End XCConfigurationList section */
	};
	rootObject = 0CDEAF512BD4211100C9C36A /* Project object */;
}
